
Microsoft Visual Studio Solution File, Format Version 12.00
# Visual Studio Version 16
VisualStudioVersion = 16.0.30611.23
MinimumVisualStudioVersion = 10.0.40219.1
Project("{F184B08F-C81C-45F6-A57F-5ABD9991F28F}") = "YemekTarifiProjem", "YemekTarifiProjem\YemekTarifiProjem.vbproj", "{2EBB9FB3-2E24-428C-84E7-7A165A92C609}"
EndProject
Global
	GlobalSection(SolutionConfigurationPlatforms) = preSolution
		Debug|Any CPU = Debug|Any CPU
		Release|Any CPU = Release|Any CPU
	EndGlobalSection
	GlobalSection(ProjectConfigurationPlatforms) = postSolution
		{2EBB9FB3-2E24-428C-84E7-7A165A92C609}.Debug|Any CPU.ActiveCfg = Debug|Any CPU
		{2EBB9FB3-2E24-428C-84E7-7A165A92C609}.Debug|Any CPU.Build.0 = Debug|Any CPU
		{2EBB9FB3-2E24-428C-84E7-7A165A92C609}.Release|Any CPU.ActiveCfg = Release|Any CPU
		{2EBB9FB3-2E24-428C-84E7-7A165A92C609}.Release|Any CPU.Build.0 = Release|Any CPU
	EndGlobalSection
	GlobalSection(SolutionProperties) = preSolution
		HideSolutionNode = FALSE
	EndGlobalSection
	GlobalSection(ExtensibilityGlobals) = postSolution
		SolutionGuid = {991F6F6A-7B3A-4FF8-9884-851CC4D68DCD}
	EndGlobalSection
EndGlobal
