
Microsoft Visual Studio Solution File, Format Version 12.00
# Visual Studio Version 16
VisualStudioVersion = 16.0.30611.23
MinimumVisualStudioVersion = 10.0.40219.1
Project("{FAE04EC0-301F-11D3-BF4B-00C04F79EFBC}") = "YemekProjem2", "YemekProjem2\YemekProjem2.csproj", "{A8C7E63B-6A54-4726-A9DD-9E230914ECB7}"
EndProject
Global
	GlobalSection(SolutionConfigurationPlatforms) = preSolution
		Debug|Any CPU = Debug|Any CPU
		Release|Any CPU = Release|Any CPU
	EndGlobalSection
	GlobalSection(ProjectConfigurationPlatforms) = postSolution
		{A8C7E63B-6A54-4726-A9DD-9E230914ECB7}.Debug|Any CPU.ActiveCfg = Debug|Any CPU
		{A8C7E63B-6A54-4726-A9DD-9E230914ECB7}.Debug|Any CPU.Build.0 = Debug|Any CPU
		{A8C7E63B-6A54-4726-A9DD-9E230914ECB7}.Release|Any CPU.ActiveCfg = Release|Any CPU
		{A8C7E63B-6A54-4726-A9DD-9E230914ECB7}.Release|Any CPU.Build.0 = Release|Any CPU
	EndGlobalSection
	GlobalSection(SolutionProperties) = preSolution
		HideSolutionNode = FALSE
	EndGlobalSection
	GlobalSection(ExtensibilityGlobals) = postSolution
		SolutionGuid = {E3C86021-8059-4C65-9CB9-B91CF1B71FCF}
	EndGlobalSection
EndGlobal
